
Microsoft Visual Studio Solution File, Format Version 12.00
# Visual Studio Version 17
VisualStudioVersion = 17.14.36414.22
MinimumVisualStudioVersion = 10.0.40219.1
Project("{FAE04EC0-301F-11D3-BF4B-00C04F79EFBC}") = "ChatHubService", "ChatHubService\ChatHubService.csproj", "{BDED878C-9932-4414-944B-FE5F98E090F6}"
EndProject
Project("{FAE04EC0-301F-11D3-BF4B-00C04F79EFBC}") = "WebAppSportFoodStore", "WebAppSportFoodStore\WebAppSportFoodStore.csproj", "{B1F0FC59-AE97-40BF-B6C0-3F1909B19E2B}"
EndProject
Project("{FAE04EC0-301F-11D3-BF4B-00C04F79EFBC}") = "APISportFoodStore", "APISportFoodStore\APISportFoodStore.csproj", "{A1C1B3E1-75C7-4A89-A7C2-4075F769F520}"
EndProject
Global
	GlobalSection(SolutionConfigurationPlatforms) = preSolution
		Debug|Any CPU = Debug|Any CPU
		Release|Any CPU = Release|Any CPU
	EndGlobalSection
	GlobalSection(ProjectConfigurationPlatforms) = postSolution
		{BDED878C-9932-4414-944B-FE5F98E090F6}.Debug|Any CPU.ActiveCfg = Debug|Any CPU
		{BDED878C-9932-4414-944B-FE5F98E090F6}.Debug|Any CPU.Build.0 = Debug|Any CPU
		{BDED878C-9932-4414-944B-FE5F98E090F6}.Release|Any CPU.ActiveCfg = Release|Any CPU
		{BDED878C-9932-4414-944B-FE5F98E090F6}.Release|Any CPU.Build.0 = Release|Any CPU
		{B1F0FC59-AE97-40BF-B6C0-3F1909B19E2B}.Debug|Any CPU.ActiveCfg = Debug|Any CPU
		{B1F0FC59-AE97-40BF-B6C0-3F1909B19E2B}.Debug|Any CPU.Build.0 = Debug|Any CPU
		{B1F0FC59-AE97-40BF-B6C0-3F1909B19E2B}.Release|Any CPU.ActiveCfg = Release|Any CPU
		{B1F0FC59-AE97-40BF-B6C0-3F1909B19E2B}.Release|Any CPU.Build.0 = Release|Any CPU
		{A1C1B3E1-75C7-4A89-A7C2-4075F769F520}.Debug|Any CPU.ActiveCfg = Debug|Any CPU
		{A1C1B3E1-75C7-4A89-A7C2-4075F769F520}.Debug|Any CPU.Build.0 = Debug|Any CPU
		{A1C1B3E1-75C7-4A89-A7C2-4075F769F520}.Release|Any CPU.ActiveCfg = Release|Any CPU
		{A1C1B3E1-75C7-4A89-A7C2-4075F769F520}.Release|Any CPU.Build.0 = Release|Any CPU
	EndGlobalSection
	GlobalSection(SolutionProperties) = preSolution
		HideSolutionNode = FALSE
	EndGlobalSection
	GlobalSection(ExtensibilityGlobals) = postSolution
		SolutionGuid = {A78C4662-6C56-4555-999D-9B6A1A442EA8}
	EndGlobalSection
EndGlobal
